
Microsoft Visual Studio Solution File, Format Version 12.00
# Visual Studio Version 17
VisualStudioVersion = 17.4.33103.184
MinimumVisualStudioVersion = 10.0.40219.1
Project("{FAE04EC0-301F-11D3-BF4B-00C04F79EFBC}") = "ByteBank", "ByteBank\ByteBank.csproj", "{06D36A99-3EB0-4435-8228-E7E6E39DFF08}"
EndProject
Global
	GlobalSection(SolutionConfigurationPlatforms) = preSolution
		Debug|Any CPU = Debug|Any CPU
		Release|Any CPU = Release|Any CPU
	EndGlobalSection
	GlobalSection(ProjectConfigurationPlatforms) = postSolution
		{06D36A99-3EB0-4435-8228-E7E6E39DFF08}.Debug|Any CPU.ActiveCfg = Debug|Any CPU
		{06D36A99-3EB0-4435-8228-E7E6E39DFF08}.Debug|Any CPU.Build.0 = Debug|Any CPU
		{06D36A99-3EB0-4435-8228-E7E6E39DFF08}.Release|Any CPU.ActiveCfg = Release|Any CPU
		{06D36A99-3EB0-4435-8228-E7E6E39DFF08}.Release|Any CPU.Build.0 = Release|Any CPU
	EndGlobalSection
	GlobalSection(SolutionProperties) = preSolution
		HideSolutionNode = FALSE
	EndGlobalSection
	GlobalSection(ExtensibilityGlobals) = postSolution
		SolutionGuid = {84F3F44B-5EEB-45FB-9A23-74AD2735B98A}
	EndGlobalSection
EndGlobal
